// !$*UTF8*$!
{
	archiveVersion = 1;
	classes = {
	};
	objectVersion = 51;
	objects = {

/* Begin PBXBuildFile section */
		7043EB7C25F3DB1F008A67A4 /* DetailViewController.swift in Sources */ = {isa = PBXBuildFile; fileRef = 7043EB7B25F3DB1F008A67A4 /* DetailViewController.swift */; };
		7043EBA425F40DDD008A67A4 /* DetailTableViewCell.swift in Sources */ = {isa = PBXBuildFile; fileRef = 7043EBA325F40DDD008A67A4 /* DetailTableViewCell.swift */; };
		70DEA16725E42CE300ABFA3E /* AppDelegate.swift in Sources */ = {isa = PBXBuildFile; fileRef = 70DEA16625E42CE300ABFA3E /* AppDelegate.swift */; };
		70DEA16925E42CE300ABFA3E /* SceneDelegate.swift in Sources */ = {isa = PBXBuildFile; fileRef = 70DEA16825E42CE300ABFA3E /* SceneDelegate.swift */; };
		70DEA16B25E42CE300ABFA3E /* ViewController.swift in Sources */ = {isa = PBXBuildFile; fileRef = 70DEA16A25E42CE300ABFA3E /* ViewController.swift */; };
		70DEA16E25E42CE300ABFA3E /* Main.storyboard in Resources */ = {isa = PBXBuildFile; fileRef = 70DEA16C25E42CE300ABFA3E /* Main.storyboard */; };
		70DEA17025E42CE500ABFA3E /* Assets.xcassets in Resources */ = {isa = PBXBuildFile; fileRef = 70DEA16F25E42CE500ABFA3E /* Assets.xcassets */; };
		70DEA17325E42CE500ABFA3E /* LaunchScreen.storyboard in Resources */ = {isa = PBXBuildFile; fileRef = 70DEA17125E42CE500ABFA3E /* LaunchScreen.storyboard */; };
		70DEA17C25E42D0700ABFA3E /* illAddViewController.swift in Sources */ = {isa = PBXBuildFile; fileRef = 70DEA17B25E42D0700ABFA3E /* illAddViewController.swift */; };
		70DEA17F25E4F13400ABFA3E /* calendarCollectionViewCell.swift in Sources */ = {isa = PBXBuildFile; fileRef = 70DEA17E25E4F13400ABFA3E /* calendarCollectionViewCell.swift */; };
		70DEA18225E4F60200ABFA3E /* daySchedule.swift in Sources */ = {isa = PBXBuildFile; fileRef = 70DEA18125E4F60200ABFA3E /* daySchedule.swift */; };
		D5431B5714BBCD17AF232067 /* Pods_calendar2.framework in Frameworks */ = {isa = PBXBuildFile; fileRef = 63534DEA386D7FF8AC8FC73C /* Pods_calendar2.framework */; };
/* End PBXBuildFile section */

/* Begin PBXFileReference section */
		4ECACD14939D2D45C4003104 /* Pods-calendar2.release.xcconfig */ = {isa = PBXFileReference; includeInIndex = 1; lastKnownFileType = text.xcconfig; name = "Pods-calendar2.release.xcconfig"; path = "Target Support Files/Pods-calendar2/Pods-calendar2.release.xcconfig"; sourceTree = "<group>"; };
		63534DEA386D7FF8AC8FC73C /* Pods_calendar2.framework */ = {isa = PBXFileReference; explicitFileType = wrapper.framework; includeInIndex = 0; path = Pods_calendar2.framework; sourceTree = BUILT_PRODUCTS_DIR; };
		7043EB7B25F3DB1F008A67A4 /* DetailViewController.swift */ = {isa = PBXFileReference; lastKnownFileType = sourcecode.swift; path = DetailViewController.swift; sourceTree = "<group>"; };
		7043EBA325F40DDD008A67A4 /* DetailTableViewCell.swift */ = {isa = PBXFileReference; lastKnownFileType = sourcecode.swift; path = DetailTableViewCell.swift; sourceTree = "<group>"; };
		70DEA16325E42CE300ABFA3E /* calendar2.app */ = {isa = PBXFileReference; explicitFileType = wrapper.application; includeInIndex = 0; path = calendar2.app; sourceTree = BUILT_PRODUCTS_DIR; };
		70DEA16625E42CE300ABFA3E /* AppDelegate.swift */ = {isa = PBXFileReference; lastKnownFileType = sourcecode.swift; path = AppDelegate.swift; sourceTree = "<group>"; };
		70DEA16825E42CE300ABFA3E /* SceneDelegate.swift */ = {isa = PBXFileReference; lastKnownFileType = sourcecode.swift; path = SceneDelegate.swift; sourceTree = "<group>"; };
		70DEA16A25E42CE300ABFA3E /* ViewController.swift */ = {isa = PBXFileReference; lastKnownFileType = sourcecode.swift; path = ViewController.swift; sourceTree = "<group>"; };
		70DEA16D25E42CE300ABFA3E /* Base */ = {isa = PBXFileReference; lastKnownFileType = file.storyboard; name = Base; path = Base.lproj/Main.storyboard; sourceTree = "<group>"; };
		70DEA16F25E42CE500ABFA3E /* Assets.xcassets */ = {isa = PBXFileReference; lastKnownFileType = folder.assetcatalog; path = Assets.xcassets; sourceTree = "<group>"; };
		70DEA17225E42CE500ABFA3E /* Base */ = {isa = PBXFileReference; lastKnownFileType = file.storyboard; name = Base; path = Base.lproj/LaunchScreen.storyboard; sourceTree = "<group>"; };
		70DEA17425E42CE500ABFA3E /* Info.plist */ = {isa = PBXFileReference; lastKnownFileType = text.plist.xml; path = Info.plist; sourceTree = "<group>"; };
		70DEA17B25E42D0700ABFA3E /* illAddViewController.swift */ = {isa = PBXFileReference; lastKnownFileType = sourcecode.swift; path = illAddViewController.swift; sourceTree = "<group>"; };
		70DEA17E25E4F13400ABFA3E /* calendarCollectionViewCell.swift */ = {isa = PBXFileReference; lastKnownFileType = sourcecode.swift; path = calendarCollectionViewCell.swift; sourceTree = "<group>"; };
		70DEA18125E4F60200ABFA3E /* daySchedule.swift */ = {isa = PBXFileReference; lastKnownFileType = sourcecode.swift; path = daySchedule.swift; sourceTree = "<group>"; };
		E0CC2E4C58DF6C4A149D48A0 /* Pods-calendar2.debug.xcconfig */ = {isa = PBXFileReference; includeInIndex = 1; lastKnownFileType = text.xcconfig; name = "Pods-calendar2.debug.xcconfig"; path = "Target Support Files/Pods-calendar2/Pods-calendar2.debug.xcconfig"; sourceTree = "<group>"; };
/* End PBXFileReference section */

/* Begin PBXFrameworksBuildPhase section */
		70DEA16025E42CE300ABFA3E /* Frameworks */ = {
			isa = PBXFrameworksBuildPhase;
			buildActionMask = 2147483647;
			files = (
				D5431B5714BBCD17AF232067 /* Pods_calendar2.framework in Frameworks */,
			);
			runOnlyForDeploymentPostprocessing = 0;
		};
/* End PBXFrameworksBuildPhase section */

/* Begin PBXGroup section */
		407E528F08061CD4181952B3 /* Frameworks */ = {
			isa = PBXGroup;
			children = (
				63534DEA386D7FF8AC8FC73C /* Pods_calendar2.framework */,
			);
			name = Frameworks;
			sourceTree = "<group>";
		};
		70DEA15A25E42CE300ABFA3E = {
			isa = PBXGroup;
			children = (
				7043EB7B25F3DB1F008A67A4 /* DetailViewController.swift */,
				7043EBA325F40DDD008A67A4 /* DetailTableViewCell.swift */,
				70DEA16525E42CE300ABFA3E /* calendar2 */,
				70DEA16425E42CE300ABFA3E /* Products */,
				DE7214A58F1DD3553E69A4F2 /* Pods */,
				407E528F08061CD4181952B3 /* Frameworks */,
			);
			sourceTree = "<group>";
		};
		70DEA16425E42CE300ABFA3E /* Products */ = {
			isa = PBXGroup;
			children = (
				70DEA16325E42CE300ABFA3E /* calendar2.app */,
			);
			name = Products;
			sourceTree = "<group>";
		};
		70DEA16525E42CE300ABFA3E /* calendar2 */ = {
			isa = PBXGroup;
			children = (
				70DEA16625E42CE300ABFA3E /* AppDelegate.swift */,
				70DEA16825E42CE300ABFA3E /* SceneDelegate.swift */,
				70DEA16A25E42CE300ABFA3E /* ViewController.swift */,
				70DEA18125E4F60200ABFA3E /* daySchedule.swift */,
				70DEA17E25E4F13400ABFA3E /* calendarCollectionViewCell.swift */,
				70DEA16C25E42CE300ABFA3E /* Main.storyboard */,
				70DEA17B25E42D0700ABFA3E /* illAddViewController.swift */,
				70DEA16F25E42CE500ABFA3E /* Assets.xcassets */,
				70DEA17125E42CE500ABFA3E /* LaunchScreen.storyboard */,
				70DEA17425E42CE500ABFA3E /* Info.plist */,
			);
			path = calendar2;
			sourceTree = "<group>";
		};
		DE7214A58F1DD3553E69A4F2 /* Pods */ = {
			isa = PBXGroup;
			children = (
				E0CC2E4C58DF6C4A149D48A0 /* Pods-calendar2.debug.xcconfig */,
				4ECACD14939D2D45C4003104 /* Pods-calendar2.release.xcconfig */,
			);
			path = Pods;
			sourceTree = "<group>";
		};
/* End PBXGroup section */

/* Begin PBXNativeTarget section */
		70DEA16225E42CE300ABFA3E /* calendar2 */ = {
			isa = PBXNativeTarget;
			buildConfigurationList = 70DEA17725E42CE500ABFA3E /* Build configuration list for PBXNativeTarget "calendar2" */;
			buildPhases = (
				95AB4D24A5F83C25AF112A21 /* [CP] Check Pods Manifest.lock */,
				70DEA15F25E42CE300ABFA3E /* Sources */,
				70DEA16025E42CE300ABFA3E /* Frameworks */,
				70DEA16125E42CE300ABFA3E /* Resources */,
				00786410458041F5D337174D /* [CP] Embed Pods Frameworks */,
			);
			buildRules = (
			);
			dependencies = (
			);
			name = calendar2;
			productName = calendar2;
			productReference = 70DEA16325E42CE300ABFA3E /* calendar2.app */;
			productType = "com.apple.product-type.application";
		};
/* End PBXNativeTarget section */

/* Begin PBXProject section */
		70DEA15B25E42CE300ABFA3E /* Project object */ = {
			isa = PBXProject;
			attributes = {
				LastSwiftUpdateCheck = 1230;
				LastUpgradeCheck = 1230;
				TargetAttributes = {
					70DEA16225E42CE300ABFA3E = {
						CreatedOnToolsVersion = 12.3;
					};
				};
			};
			buildConfigurationList = 70DEA15E25E42CE300ABFA3E /* Build configuration list for PBXProject "calendar2" */;
			compatibilityVersion = "Xcode 9.3";
			developmentRegion = en;
			hasScannedForEncodings = 0;
			knownRegions = (
				en,
				Base,
			);
			mainGroup = 70DEA15A25E42CE300ABFA3E;
			productRefGroup = 70DEA16425E42CE300ABFA3E /* Products */;
			projectDirPath = "";
			projectRoot = "";
			targets = (
				70DEA16225E42CE300ABFA3E /* calendar2 */,
			);
		};
/* End PBXProject section */

/* Begin PBXResourcesBuildPhase section */
		70DEA16125E42CE300ABFA3E /* Resources */ = {
			isa = PBXResourcesBuildPhase;
			buildActionMask = 2147483647;
			files = (
				70DEA17325E42CE500ABFA3E /* LaunchScreen.storyboard in Resources */,
				70DEA17025E42CE500ABFA3E /* Assets.xcassets in Resources */,
				70DEA16E25E42CE300ABFA3E /* Main.storyboard in Resources */,
			);
			runOnlyForDeploymentPostprocessing = 0;
		};
/* End PBXResourcesBuildPhase section */

/* Begin PBXShellScriptBuildPhase section */
		00786410458041F5D337174D /* [CP] Embed Pods Frameworks */ = {
			isa = PBXShellScriptBuildPhase;
			buildActionMask = 2147483647;
			files = (
			);
			inputFileListPaths = (
				"${PODS_ROOT}/Target Support Files/Pods-calendar2/Pods-calendar2-frameworks-${CONFIGURATION}-input-files.xcfilelist",
			);
			name = "[CP] Embed Pods Frameworks";
			outputFileListPaths = (
				"${PODS_ROOT}/Target Support Files/Pods-calendar2/Pods-calendar2-frameworks-${CONFIGURATION}-output-files.xcfilelist",
			);
			runOnlyForDeploymentPostprocessing = 0;
			shellPath = /bin/sh;
			shellScript = "\"${PODS_ROOT}/Target Support Files/Pods-calendar2/Pods-calendar2-frameworks.sh\"\n";
			showEnvVarsInLog = 0;
		};
		95AB4D24A5F83C25AF112A21 /* [CP] Check Pods Manifest.lock */ = {
			isa = PBXShellScriptBuildPhase;
			buildActionMask = 2147483647;
			files = (
			);
			inputFileListPaths = (
			);
			inputPaths = (
				"${PODS_PODFILE_DIR_PATH}/Podfile.lock",
				"${PODS_ROOT}/Manifest.lock",
			);
			name = "[CP] Check Pods Manifest.lock";
			outputFileListPaths = (
			);
			outputPaths = (
				"$(DERIVED_FILE_DIR)/Pods-calendar2-checkManifestLockResult.txt",
			);
			runOnlyForDeploymentPostprocessing = 0;
			shellPath = /bin/sh;
			shellScript = "diff \"${PODS_PODFILE_DIR_PATH}/Podfile.lock\" \"${PODS_ROOT}/Manifest.lock\" > /dev/null\nif [ $? != 0 ] ; then\n    # print error to STDERR\n    echo \"error: The sandbox is not in sync with the Podfile.lock. Run 'pod install' or update your CocoaPods installation.\" >&2\n    exit 1\nfi\n# This output is used by Xcode 'outputs' to avoid re-running this script phase.\necho \"SUCCESS\" > \"${SCRIPT_OUTPUT_FILE_0}\"\n";
			showEnvVarsInLog = 0;
		};
/* End PBXShellScriptBuildPhase section */

/* Begin PBXSourcesBuildPhase section */
		70DEA15F25E42CE300ABFA3E /* Sources */ = {
			isa = PBXSourcesBuildPhase;
			buildActionMask = 2147483647;
			files = (
				70DEA16B25E42CE300ABFA3E /* ViewController.swift in Sources */,
				70DEA17F25E4F13400ABFA3E /* calendarCollectionViewCell.swift in Sources */,
				7043EBA425F40DDD008A67A4 /* DetailTableViewCell.swift in Sources */,
				70DEA16725E42CE300ABFA3E /* AppDelegate.swift in Sources */,
				70DEA17C25E42D0700ABFA3E /* illAddViewController.swift in Sources */,
				70DEA16925E42CE300ABFA3E /* SceneDelegate.swift in Sources */,
				70DEA18225E4F60200ABFA3E /* daySchedule.swift in Sources */,
				7043EB7C25F3DB1F008A67A4 /* DetailViewController.swift in Sources */,
			);
			runOnlyForDeploymentPostprocessing = 0;
		};
/* End PBXSourcesBuildPhase section */

/* Begin PBXVariantGroup section */
		70DEA16C25E42CE300ABFA3E /* Main.storyboard */ = {
			isa = PBXVariantGroup;
			children = (
				70DEA16D25E42CE300ABFA3E /* Base */,
			);
			name = Main.storyboard;
			sourceTree = "<group>";
		};
		70DEA17125E42CE500ABFA3E /* LaunchScreen.storyboard */ = {
			isa = PBXVariantGroup;
			children = (
				70DEA17225E42CE500ABFA3E /* Base */,
			);
			name = LaunchScreen.storyboard;
			sourceTree = "<group>";
		};
/* End PBXVariantGroup section */

/* Begin XCBuildConfiguration section */
		70DEA17525E42CE500ABFA3E /* Debug */ = {
			isa = XCBuildConfiguration;
			buildSettings = {
				ALWAYS_SEARCH_USER_PATHS = NO;
				CLANG_ANALYZER_NONNULL = YES;
				CLANG_ANALYZER_NUMBER_OBJECT_CONVERSION = YES_AGGRESSIVE;
				CLANG_CXX_LANGUAGE_STANDARD = "gnu++14";
				CLANG_CXX_LIBRARY = "libc++";
				CLANG_ENABLE_MODULES = YES;
				CLANG_ENABLE_OBJC_ARC = YES;
				CLANG_ENABLE_OBJC_WEAK = YES;
				CLANG_WARN_BLOCK_CAPTURE_AUTORELEASING = YES;
				CLANG_WARN_BOOL_CONVERSION = YES;
				CLANG_WARN_COMMA = YES;
				CLANG_WARN_CONSTANT_CONVERSION = YES;
				CLANG_WARN_DEPRECATED_OBJC_IMPLEMENTATIONS = YES;
				CLANG_WARN_DIRECT_OBJC_ISA_USAGE = YES_ERROR;
				CLANG_WARN_DOCUMENTATION_COMMENTS = YES;
				CLANG_WARN_EMPTY_BODY = YES;
				CLANG_WARN_ENUM_CONVERSION = YES;
				CLANG_WARN_INFINITE_RECURSION = YES;
				CLANG_WARN_INT_CONVERSION = YES;
				CLANG_WARN_NON_LITERAL_NULL_CONVERSION = YES;
				CLANG_WARN_OBJC_IMPLICIT_RETAIN_SELF = YES;
				CLANG_WARN_OBJC_LITERAL_CONVERSION = YES;
				CLANG_WARN_OBJC_ROOT_CLASS = YES_ERROR;
				CLANG_WARN_QUOTED_INCLUDE_IN_FRAMEWORK_HEADER = YES;
				CLANG_WARN_RANGE_LOOP_ANALYSIS = YES;
				CLANG_WARN_STRICT_PROTOTYPES = YES;
				CLANG_WARN_SUSPICIOUS_MOVE = YES;
				CLANG_WARN_UNGUARDED_AVAILABILITY = YES_AGGRESSIVE;
				CLANG_WARN_UNREACHABLE_CODE = YES;
				CLANG_WARN__DUPLICATE_METHOD_MATCH = YES;
				COPY_PHASE_STRIP = NO;
				DEBUG_INFORMATION_FORMAT = dwarf;
				ENABLE_STRICT_OBJC_MSGSEND = YES;
				ENABLE_TESTABILITY = YES;
				GCC_C_LANGUAGE_STANDARD = gnu11;
				GCC_DYNAMIC_NO_PIC = NO;
				GCC_NO_COMMON_BLOCKS = YES;
				GCC_OPTIMIZATION_LEVEL = 0;
				GCC_PREPROCESSOR_DEFINITIONS = (
					"DEBUG=1",
					"$(inherited)",
				);
				GCC_WARN_64_TO_32_BIT_CONVERSION = YES;
				GCC_WARN_ABOUT_RETURN_TYPE = YES_ERROR;
				GCC_WARN_UNDECLARED_SELECTOR = YES;
				GCC_WARN_UNINITIALIZED_AUTOS = YES_AGGRESSIVE;
				GCC_WARN_UNUSED_FUNCTION = YES;
				GCC_WARN_UNUSED_VARIABLE = YES;
				IPHONEOS_DEPLOYMENT_TARGET = 14.3;
				MTL_ENABLE_DEBUG_INFO = INCLUDE_SOURCE;
				MTL_FAST_MATH = YES;
				ONLY_ACTIVE_ARCH = YES;
				SDKROOT = iphoneos;
				SWIFT_ACTIVE_COMPILATION_CONDITIONS = DEBUG;
				SWIFT_OPTIMIZATION_LEVEL = "-Onone";
			};
			name = Debug;
		};
		70DEA17625E42CE500ABFA3E /* Release */ = {
			isa = XCBuildConfiguration;
			buildSettings = {
				ALWAYS_SEARCH_USER_PATHS = NO;
				CLANG_ANALYZER_NONNULL = YES;
				CLANG_ANALYZER_NUMBER_OBJECT_CONVERSION = YES_AGGRESSIVE;
				CLANG_CXX_LANGUAGE_STANDARD = "gnu++14";
				CLANG_CXX_LIBRARY = "libc++";
				CLANG_ENABLE_MODULES = YES;
				CLANG_ENABLE_OBJC_ARC = YES;
				CLANG_ENABLE_OBJC_WEAK = YES;
				CLANG_WARN_BLOCK_CAPTURE_AUTORELEASING = YES;
				CLANG_WARN_BOOL_CONVERSION = YES;
				CLANG_WARN_COMMA = YES;
				CLANG_WARN_CONSTANT_CONVERSION = YES;
				CLANG_WARN_DEPRECATED_OBJC_IMPLEMENTATIONS = YES;
				CLANG_WARN_DIRECT_OBJC_ISA_USAGE = YES_ERROR;
				CLANG_WARN_DOCUMENTATION_COMMENTS = YES;
				CLANG_WARN_EMPTY_BODY = YES;
				CLANG_WARN_ENUM_CONVERSION = YES;
				CLANG_WARN_INFINITE_RECURSION = YES;
				CLANG_WARN_INT_CONVERSION = YES;
				CLANG_WARN_NON_LITERAL_NULL_CONVERSION = YES;
				CLANG_WARN_OBJC_IMPLICIT_RETAIN_SELF = YES;
				CLANG_WARN_OBJC_LITERAL_CONVERSION = YES;
				CLANG_WARN_OBJC_ROOT_CLASS = YES_ERROR;
				CLANG_WARN_QUOTED_INCLUDE_IN_FRAMEWORK_HEADER = YES;
				CLANG_WARN_RANGE_LOOP_ANALYSIS = YES;
				CLANG_WARN_STRICT_PROTOTYPES = YES;
				CLANG_WARN_SUSPICIOUS_MOVE = YES;
				CLANG_WARN_UNGUARDED_AVAILABILITY = YES_AGGRESSIVE;
				CLANG_WARN_UNREACHABLE_CODE = YES;
				CLANG_WARN__DUPLICATE_METHOD_MATCH = YES;
				COPY_PHASE_STRIP = NO;
				DEBUG_INFORMATION_FORMAT = "dwarf-with-dsym";
				ENABLE_NS_ASSERTIONS = NO;
				ENABLE_STRICT_OBJC_MSGSEND = YES;
				GCC_C_LANGUAGE_STANDARD = gnu11;
				GCC_NO_COMMON_BLOCKS = YES;
				GCC_WARN_64_TO_32_BIT_CONVERSION = YES;
				GCC_WARN_ABOUT_RETURN_TYPE = YES_ERROR;
				GCC_WARN_UNDECLARED_SELECTOR = YES;
				GCC_WARN_UNINITIALIZED_AUTOS = YES_AGGRESSIVE;
				GCC_WARN_UNUSED_FUNCTION = YES;
				GCC_WARN_UNUSED_VARIABLE = YES;
				IPHONEOS_DEPLOYMENT_TARGET = 14.3;
				MTL_ENABLE_DEBUG_INFO = NO;
				MTL_FAST_MATH = YES;
				SDKROOT = iphoneos;
				SWIFT_COMPILATION_MODE = wholemodule;
				SWIFT_OPTIMIZATION_LEVEL = "-O";
				VALIDATE_PRODUCT = YES;
			};
			name = Release;
		};
		70DEA17825E42CE500ABFA3E /* Debug */ = {
			isa = XCBuildConfiguration;
			baseConfigurationReference = E0CC2E4C58DF6C4A149D48A0 /* Pods-calendar2.debug.xcconfig */;
			buildSettings = {
				ASSETCATALOG_COMPILER_APPICON_NAME = AppIcon;
				ASSETCATALOG_COMPILER_GLOBAL_ACCENT_COLOR_NAME = AccentColor;
				CODE_SIGN_STYLE = Automatic;
				DEVELOPMENT_TEAM = 6925UVH9D7;
				INFOPLIST_FILE = calendar2/Info.plist;
				LD_RUNPATH_SEARCH_PATHS = (
					"$(inherited)",
					"@executable_path/Frameworks",
				);
				PRODUCT_BUNDLE_IDENTIFIER = com.jenny.calendar2;
				PRODUCT_NAME = "$(TARGET_NAME)";
				SWIFT_VERSION = 5.0;
				TARGETED_DEVICE_FAMILY = "1,2";
			};
			name = Debug;
		};
		70DEA17925E42CE500ABFA3E /* Release */ = {
			isa = XCBuildConfiguration;
			baseConfigurationReference = 4ECACD14939D2D45C4003104 /* Pods-calendar2.release.xcconfig */;
			buildSettings = {
				ASSETCATALOG_COMPILER_APPICON_NAME = AppIcon;
				ASSETCATALOG_COMPILER_GLOBAL_ACCENT_COLOR_NAME = AccentColor;
				CODE_SIGN_STYLE = Automatic;
				DEVELOPMENT_TEAM = 6925UVH9D7;
				INFOPLIST_FILE = calendar2/Info.plist;
				LD_RUNPATH_SEARCH_PATHS = (
					"$(inherited)",
					"@executable_path/Frameworks",
				);
				PRODUCT_BUNDLE_IDENTIFIER = com.jenny.calendar2;
				PRODUCT_NAME = "$(TARGET_NAME)";
				SWIFT_VERSION = 5.0;
				TARGETED_DEVICE_FAMILY = "1,2";
			};
			name = Release;
		};
/* End XCBuildConfiguration section */

/* Begin XCConfigurationList section */
		70DEA15E25E42CE300ABFA3E /* Build configuration list for PBXProject "calendar2" */ = {
			isa = XCConfigurationList;
			buildConfigurations = (
				70DEA17525E42CE500ABFA3E /* Debug */,
				70DEA17625E42CE500ABFA3E /* Release */,
			);
			defaultConfigurationIsVisible = 0;
			defaultConfigurationName = Release;
		};
		70DEA17725E42CE500ABFA3E /* Build configuration list for PBXNativeTarget "calendar2" */ = {
			isa = XCConfigurationList;
			buildConfigurations = (
				70DEA17825E42CE500ABFA3E /* Debug */,
				70DEA17925E42CE500ABFA3E /* Release */,
			);
			defaultConfigurationIsVisible = 0;
			defaultConfigurationName = Release;
		};
/* End XCConfigurationList section */
	};
	rootObject = 70DEA15B25E42CE300ABFA3E /* Project object */;
}
